
Microsoft Visual Studio Solution File, Format Version 12.00
# Visual Studio Version 17
VisualStudioVersion = 17.12.35527.113 d17.12
MinimumVisualStudioVersion = 10.0.40219.1
Project("{FAE04EC0-301F-11D3-BF4B-00C04F79EFBC}") = "Todolist_GroupY", "Todolist_GroupY\Todolist_GroupY.csproj", "{FB31FB32-50B7-4B2D-B7EF-B8878B4F16C5}"
EndProject
Project("{FAE04EC0-301F-11D3-BF4B-00C04F79EFBC}") = "Todolist_GroupY.DAL", "Todolist_GroupY.DAL\Todolist_GroupY.DAL.csproj", "{AFF3557C-1112-4D62-85E2-809A45B98A72}"
EndProject
Project("{FAE04EC0-301F-11D3-BF4B-00C04F79EFBC}") = "Todolist_GroupY.BLL", "Todolist_GroupY.BLL\Todolist_GroupY.BLL.csproj", "{CF69FA80-4C6D-4CDB-B1AA-DD626C60EEEA}"
EndProject
Global
	GlobalSection(SolutionConfigurationPlatforms) = preSolution
		Debug|Any CPU = Debug|Any CPU
		Release|Any CPU = Release|Any CPU
	EndGlobalSection
	GlobalSection(ProjectConfigurationPlatforms) = postSolution
		{FB31FB32-50B7-4B2D-B7EF-B8878B4F16C5}.Debug|Any CPU.ActiveCfg = Debug|Any CPU
		{FB31FB32-50B7-4B2D-B7EF-B8878B4F16C5}.Debug|Any CPU.Build.0 = Debug|Any CPU
		{FB31FB32-50B7-4B2D-B7EF-B8878B4F16C5}.Release|Any CPU.ActiveCfg = Release|Any CPU
		{FB31FB32-50B7-4B2D-B7EF-B8878B4F16C5}.Release|Any CPU.Build.0 = Release|Any CPU
		{AFF3557C-1112-4D62-85E2-809A45B98A72}.Debug|Any CPU.ActiveCfg = Debug|Any CPU
		{AFF3557C-1112-4D62-85E2-809A45B98A72}.Debug|Any CPU.Build.0 = Debug|Any CPU
		{AFF3557C-1112-4D62-85E2-809A45B98A72}.Release|Any CPU.ActiveCfg = Release|Any CPU
		{AFF3557C-1112-4D62-85E2-809A45B98A72}.Release|Any CPU.Build.0 = Release|Any CPU
		{CF69FA80-4C6D-4CDB-B1AA-DD626C60EEEA}.Debug|Any CPU.ActiveCfg = Debug|Any CPU
		{CF69FA80-4C6D-4CDB-B1AA-DD626C60EEEA}.Debug|Any CPU.Build.0 = Debug|Any CPU
		{CF69FA80-4C6D-4CDB-B1AA-DD626C60EEEA}.Release|Any CPU.ActiveCfg = Release|Any CPU
		{CF69FA80-4C6D-4CDB-B1AA-DD626C60EEEA}.Release|Any CPU.Build.0 = Release|Any CPU
	EndGlobalSection
	GlobalSection(SolutionProperties) = preSolution
		HideSolutionNode = FALSE
	EndGlobalSection
EndGlobal
